
Microsoft Visual Studio Solution File, Format Version 12.00
# Visual Studio Version 16
VisualStudioVersion = 16.0.30320.27
MinimumVisualStudioVersion = 10.0.40219.1
Project("{FAE04EC0-301F-11D3-BF4B-00C04F79EFBC}") = "CinemixApp.UWP", "CinemixApp\CinemixApp.UWP\CinemixApp.UWP.csproj", "{C394AAF6-FFBE-41C6-982B-0BCB985F44FD}"
EndProject
Project("{FAE04EC0-301F-11D3-BF4B-00C04F79EFBC}") = "CinemixApp.Android", "CinemixApp\CinemixApp.Android\CinemixApp.Android.csproj", "{DC7A551A-227F-47D9-BE52-5A02D9BBCB74}"
EndProject
Project("{FAE04EC0-301F-11D3-BF4B-00C04F79EFBC}") = "CinemixApp.iOS", "CinemixApp\CinemixApp.iOS\CinemixApp.iOS.csproj", "{7275DA83-41D6-4418-B678-B0112D00FED5}"
EndProject
Project("{FAE04EC0-301F-11D3-BF4B-00C04F79EFBC}") = "CinemixApp", "CinemixApp\CinemixApp\CinemixApp.csproj", "{62A4E765-E0F0-4377-91E7-61F7D51D38F7}"
EndProject
Global
	GlobalSection(SolutionConfigurationPlatforms) = preSolution
		Debug|Any CPU = Debug|Any CPU
		Debug|ARM = Debug|ARM
		Debug|iPhone = Debug|iPhone
		Debug|iPhoneSimulator = Debug|iPhoneSimulator
		Debug|x64 = Debug|x64
		Debug|x86 = Debug|x86
		Release|Any CPU = Release|Any CPU
		Release|ARM = Release|ARM
		Release|iPhone = Release|iPhone
		Release|iPhoneSimulator = Release|iPhoneSimulator
		Release|x64 = Release|x64
		Release|x86 = Release|x86
	EndGlobalSection
	GlobalSection(ProjectConfigurationPlatforms) = postSolution
		{C394AAF6-FFBE-41C6-982B-0BCB985F44FD}.Debug|Any CPU.ActiveCfg = Debug|x86
		{C394AAF6-FFBE-41C6-982B-0BCB985F44FD}.Debug|Any CPU.Build.0 = Debug|x86
		{C394AAF6-FFBE-41C6-982B-0BCB985F44FD}.Debug|Any CPU.Deploy.0 = Debug|x86
		{C394AAF6-FFBE-41C6-982B-0BCB985F44FD}.Debug|ARM.ActiveCfg = Debug|ARM
		{C394AAF6-FFBE-41C6-982B-0BCB985F44FD}.Debug|ARM.Build.0 = Debug|ARM
		{C394AAF6-FFBE-41C6-982B-0BCB985F44FD}.Debug|ARM.Deploy.0 = Debug|ARM
		{C394AAF6-FFBE-41C6-982B-0BCB985F44FD}.Debug|iPhone.ActiveCfg = Debug|x86
		{C394AAF6-FFBE-41C6-982B-0BCB985F44FD}.Debug|iPhone.Build.0 = Debug|x86
		{C394AAF6-FFBE-41C6-982B-0BCB985F44FD}.Debug|iPhone.Deploy.0 = Debug|x86
		{C394AAF6-FFBE-41C6-982B-0BCB985F44FD}.Debug|iPhoneSimulator.ActiveCfg = Debug|x86
		{C394AAF6-FFBE-41C6-982B-0BCB985F44FD}.Debug|iPhoneSimulator.Build.0 = Debug|x86
		{C394AAF6-FFBE-41C6-982B-0BCB985F44FD}.Debug|iPhoneSimulator.Deploy.0 = Debug|x86
		{C394AAF6-FFBE-41C6-982B-0BCB985F44FD}.Debug|x64.ActiveCfg = Debug|x64
		{C394AAF6-FFBE-41C6-982B-0BCB985F44FD}.Debug|x64.Build.0 = Debug|x64
		{C394AAF6-FFBE-41C6-982B-0BCB985F44FD}.Debug|x64.Deploy.0 = Debug|x64
		{C394AAF6-FFBE-41C6-982B-0BCB985F44FD}.Debug|x86.ActiveCfg = Debug|x86
		{C394AAF6-FFBE-41C6-982B-0BCB985F44FD}.Debug|x86.Build.0 = Debug|x86
		{C394AAF6-FFBE-41C6-982B-0BCB985F44FD}.Debug|x86.Deploy.0 = Debug|x86
		{C394AAF6-FFBE-41C6-982B-0BCB985F44FD}.Release|Any CPU.ActiveCfg = Release|x86
		{C394AAF6-FFBE-41C6-982B-0BCB985F44FD}.Release|Any CPU.Build.0 = Release|x86
		{C394AAF6-FFBE-41C6-982B-0BCB985F44FD}.Release|Any CPU.Deploy.0 = Release|x86
		{C394AAF6-FFBE-41C6-982B-0BCB985F44FD}.Release|ARM.ActiveCfg = Release|ARM
		{C394AAF6-FFBE-41C6-982B-0BCB985F44FD}.Release|ARM.Build.0 = Release|ARM
		{C394AAF6-FFBE-41C6-982B-0BCB985F44FD}.Release|ARM.Deploy.0 = Release|ARM
		{C394AAF6-FFBE-41C6-982B-0BCB985F44FD}.Release|iPhone.ActiveCfg = Release|x86
		{C394AAF6-FFBE-41C6-982B-0BCB985F44FD}.Release|iPhone.Build.0 = Release|x86
		{C394AAF6-FFBE-41C6-982B-0BCB985F44FD}.Release|iPhone.Deploy.0 = Release|x86
		{C394AAF6-FFBE-41C6-982B-0BCB985F44FD}.Release|iPhoneSimulator.ActiveCfg = Release|x86
		{C394AAF6-FFBE-41C6-982B-0BCB985F44FD}.Release|iPhoneSimulator.Build.0 = Release|x86
		{C394AAF6-FFBE-41C6-982B-0BCB985F44FD}.Release|iPhoneSimulator.Deploy.0 = Release|x86
		{C394AAF6-FFBE-41C6-982B-0BCB985F44FD}.Release|x64.ActiveCfg = Release|x64
		{C394AAF6-FFBE-41C6-982B-0BCB985F44FD}.Release|x64.Build.0 = Release|x64
		{C394AAF6-FFBE-41C6-982B-0BCB985F44FD}.Release|x64.Deploy.0 = Release|x64
		{C394AAF6-FFBE-41C6-982B-0BCB985F44FD}.Release|x86.ActiveCfg = Release|x86
		{C394AAF6-FFBE-41C6-982B-0BCB985F44FD}.Release|x86.Build.0 = Release|x86
		{C394AAF6-FFBE-41C6-982B-0BCB985F44FD}.Release|x86.Deploy.0 = Release|x86
		{DC7A551A-227F-47D9-BE52-5A02D9BBCB74}.Debug|Any CPU.ActiveCfg = Debug|Any CPU
		{DC7A551A-227F-47D9-BE52-5A02D9BBCB74}.Debug|Any CPU.Build.0 = Debug|Any CPU
		{DC7A551A-227F-47D9-BE52-5A02D9BBCB74}.Debug|Any CPU.Deploy.0 = Debug|Any CPU
		{DC7A551A-227F-47D9-BE52-5A02D9BBCB74}.Debug|ARM.ActiveCfg = Debug|Any CPU
		{DC7A551A-227F-47D9-BE52-5A02D9BBCB74}.Debug|ARM.Build.0 = Debug|Any CPU
		{DC7A551A-227F-47D9-BE52-5A02D9BBCB74}.Debug|ARM.Deploy.0 = Debug|Any CPU
		{DC7A551A-227F-47D9-BE52-5A02D9BBCB74}.Debug|iPhone.ActiveCfg = Debug|Any CPU
		{DC7A551A-227F-47D9-BE52-5A02D9BBCB74}.Debug|iPhone.Build.0 = Debug|Any CPU
		{DC7A551A-227F-47D9-BE52-5A02D9BBCB74}.Debug|iPhone.Deploy.0 = Debug|Any CPU
		{DC7A551A-227F-47D9-BE52-5A02D9BBCB74}.Debug|iPhoneSimulator.ActiveCfg = Debug|Any CPU
		{DC7A551A-227F-47D9-BE52-5A02D9BBCB74}.Debug|iPhoneSimulator.Build.0 = Debug|Any CPU
		{DC7A551A-227F-47D9-BE52-5A02D9BBCB74}.Debug|iPhoneSimulator.Deploy.0 = Debug|Any CPU
		{DC7A551A-227F-47D9-BE52-5A02D9BBCB74}.Debug|x64.ActiveCfg = Debug|Any CPU
		{DC7A551A-227F-47D9-BE52-5A02D9BBCB74}.Debug|x64.Build.0 = Debug|Any CPU
		{DC7A551A-227F-47D9-BE52-5A02D9BBCB74}.Debug|x64.Deploy.0 = Debug|Any CPU
		{DC7A551A-227F-47D9-BE52-5A02D9BBCB74}.Debug|x86.ActiveCfg = Debug|Any CPU
		{DC7A551A-227F-47D9-BE52-5A02D9BBCB74}.Debug|x86.Build.0 = Debug|Any CPU
		{DC7A551A-227F-47D9-BE52-5A02D9BBCB74}.Debug|x86.Deploy.0 = Debug|Any CPU
		{DC7A551A-227F-47D9-BE52-5A02D9BBCB74}.Release|Any CPU.ActiveCfg = Release|Any CPU
		{DC7A551A-227F-47D9-BE52-5A02D9BBCB74}.Release|Any CPU.Build.0 = Release|Any CPU
		{DC7A551A-227F-47D9-BE52-5A02D9BBCB74}.Release|Any CPU.Deploy.0 = Release|Any CPU
		{DC7A551A-227F-47D9-BE52-5A02D9BBCB74}.Release|ARM.ActiveCfg = Release|Any CPU
		{DC7A551A-227F-47D9-BE52-5A02D9BBCB74}.Release|ARM.Build.0 = Release|Any CPU
		{DC7A551A-227F-47D9-BE52-5A02D9BBCB74}.Release|ARM.Deploy.0 = Release|Any CPU
		{DC7A551A-227F-47D9-BE52-5A02D9BBCB74}.Release|iPhone.ActiveCfg = Release|Any CPU
		{DC7A551A-227F-47D9-BE52-5A02D9BBCB74}.Release|iPhone.Build.0 = Release|Any CPU
		{DC7A551A-227F-47D9-BE52-5A02D9BBCB74}.Release|iPhone.Deploy.0 = Release|Any CPU
		{DC7A551A-227F-47D9-BE52-5A02D9BBCB74}.Release|iPhoneSimulator.ActiveCfg = Release|Any CPU
		{DC7A551A-227F-47D9-BE52-5A02D9BBCB74}.Release|iPhoneSimulator.Build.0 = Release|Any CPU
		{DC7A551A-227F-47D9-BE52-5A02D9BBCB74}.Release|iPhoneSimulator.Deploy.0 = Release|Any CPU
		{DC7A551A-227F-47D9-BE52-5A02D9BBCB74}.Release|x64.ActiveCfg = Release|Any CPU
		{DC7A551A-227F-47D9-BE52-5A02D9BBCB74}.Release|x64.Build.0 = Release|Any CPU
		{DC7A551A-227F-47D9-BE52-5A02D9BBCB74}.Release|x64.Deploy.0 = Release|Any CPU
		{DC7A551A-227F-47D9-BE52-5A02D9BBCB74}.Release|x86.ActiveCfg = Release|Any CPU
		{DC7A551A-227F-47D9-BE52-5A02D9BBCB74}.Release|x86.Build.0 = Release|Any CPU
		{DC7A551A-227F-47D9-BE52-5A02D9BBCB74}.Release|x86.Deploy.0 = Release|Any CPU
		{7275DA83-41D6-4418-B678-B0112D00FED5}.Debug|Any CPU.ActiveCfg = Debug|iPhone
		{7275DA83-41D6-4418-B678-B0112D00FED5}.Debug|Any CPU.Build.0 = Debug|iPhone
		{7275DA83-41D6-4418-B678-B0112D00FED5}.Debug|Any CPU.Deploy.0 = Debug|iPhone
		{7275DA83-41D6-4418-B678-B0112D00FED5}.Debug|ARM.ActiveCfg = Debug|iPhone
		{7275DA83-41D6-4418-B678-B0112D00FED5}.Debug|ARM.Build.0 = Debug|iPhone
		{7275DA83-41D6-4418-B678-B0112D00FED5}.Debug|ARM.Deploy.0 = Debug|iPhone
		{7275DA83-41D6-4418-B678-B0112D00FED5}.Debug|iPhone.ActiveCfg = Debug|iPhone
		{7275DA83-41D6-4418-B678-B0112D00FED5}.Debug|iPhone.Build.0 = Debug|iPhone
		{7275DA83-41D6-4418-B678-B0112D00FED5}.Debug|iPhone.Deploy.0 = Debug|iPhone
		{7275DA83-41D6-4418-B678-B0112D00FED5}.Debug|iPhoneSimulator.ActiveCfg = Debug|iPhoneSimulator
		{7275DA83-41D6-4418-B678-B0112D00FED5}.Debug|iPhoneSimulator.Build.0 = Debug|iPhoneSimulator
		{7275DA83-41D6-4418-B678-B0112D00FED5}.Debug|iPhoneSimulator.Deploy.0 = Debug|iPhoneSimulator
		{7275DA83-41D6-4418-B678-B0112D00FED5}.Debug|x64.ActiveCfg = Debug|iPhone
		{7275DA83-41D6-4418-B678-B0112D00FED5}.Debug|x64.Build.0 = Debug|iPhone
		{7275DA83-41D6-4418-B678-B0112D00FED5}.Debug|x64.Deploy.0 = Debug|iPhone
		{7275DA83-41D6-4418-B678-B0112D00FED5}.Debug|x86.ActiveCfg = Debug|iPhone
		{7275DA83-41D6-4418-B678-B0112D00FED5}.Debug|x86.Build.0 = Debug|iPhone
		{7275DA83-41D6-4418-B678-B0112D00FED5}.Debug|x86.Deploy.0 = Debug|iPhone
		{7275DA83-41D6-4418-B678-B0112D00FED5}.Release|Any CPU.ActiveCfg = Release|iPhone
		{7275DA83-41D6-4418-B678-B0112D00FED5}.Release|Any CPU.Build.0 = Release|iPhone
		{7275DA83-41D6-4418-B678-B0112D00FED5}.Release|Any CPU.Deploy.0 = Release|iPhone
		{7275DA83-41D6-4418-B678-B0112D00FED5}.Release|ARM.ActiveCfg = Release|iPhone
		{7275DA83-41D6-4418-B678-B0112D00FED5}.Release|ARM.Build.0 = Release|iPhone
		{7275DA83-41D6-4418-B678-B0112D00FED5}.Release|ARM.Deploy.0 = Release|iPhone
		{7275DA83-41D6-4418-B678-B0112D00FED5}.Release|iPhone.ActiveCfg = Release|iPhone
		{7275DA83-41D6-4418-B678-B0112D00FED5}.Release|iPhone.Build.0 = Release|iPhone
		{7275DA83-41D6-4418-B678-B0112D00FED5}.Release|iPhone.Deploy.0 = Release|iPhone
		{7275DA83-41D6-4418-B678-B0112D00FED5}.Release|iPhoneSimulator.ActiveCfg = Release|iPhoneSimulator
		{7275DA83-41D6-4418-B678-B0112D00FED5}.Release|iPhoneSimulator.Build.0 = Release|iPhoneSimulator
		{7275DA83-41D6-4418-B678-B0112D00FED5}.Release|iPhoneSimulator.Deploy.0 = Release|iPhoneSimulator
		{7275DA83-41D6-4418-B678-B0112D00FED5}.Release|x64.ActiveCfg = Release|iPhone
		{7275DA83-41D6-4418-B678-B0112D00FED5}.Release|x64.Build.0 = Release|iPhone
		{7275DA83-41D6-4418-B678-B0112D00FED5}.Release|x64.Deploy.0 = Release|iPhone
		{7275DA83-41D6-4418-B678-B0112D00FED5}.Release|x86.ActiveCfg = Release|iPhone
		{7275DA83-41D6-4418-B678-B0112D00FED5}.Release|x86.Build.0 = Release|iPhone
		{7275DA83-41D6-4418-B678-B0112D00FED5}.Release|x86.Deploy.0 = Release|iPhone
		{62A4E765-E0F0-4377-91E7-61F7D51D38F7}.Debug|Any CPU.ActiveCfg = Debug|Any CPU
		{62A4E765-E0F0-4377-91E7-61F7D51D38F7}.Debug|Any CPU.Build.0 = Debug|Any CPU
		{62A4E765-E0F0-4377-91E7-61F7D51D38F7}.Debug|Any CPU.Deploy.0 = Debug|Any CPU
		{62A4E765-E0F0-4377-91E7-61F7D51D38F7}.Debug|ARM.ActiveCfg = Debug|Any CPU
		{62A4E765-E0F0-4377-91E7-61F7D51D38F7}.Debug|ARM.Build.0 = Debug|Any CPU
		{62A4E765-E0F0-4377-91E7-61F7D51D38F7}.Debug|ARM.Deploy.0 = Debug|Any CPU
		{62A4E765-E0F0-4377-91E7-61F7D51D38F7}.Debug|iPhone.ActiveCfg = Debug|Any CPU
		{62A4E765-E0F0-4377-91E7-61F7D51D38F7}.Debug|iPhone.Build.0 = Debug|Any CPU
		{62A4E765-E0F0-4377-91E7-61F7D51D38F7}.Debug|iPhone.Deploy.0 = Debug|Any CPU
		{62A4E765-E0F0-4377-91E7-61F7D51D38F7}.Debug|iPhoneSimulator.ActiveCfg = Debug|Any CPU
		{62A4E765-E0F0-4377-91E7-61F7D51D38F7}.Debug|iPhoneSimulator.Build.0 = Debug|Any CPU
		{62A4E765-E0F0-4377-91E7-61F7D51D38F7}.Debug|iPhoneSimulator.Deploy.0 = Debug|Any CPU
		{62A4E765-E0F0-4377-91E7-61F7D51D38F7}.Debug|x64.ActiveCfg = Debug|Any CPU
		{62A4E765-E0F0-4377-91E7-61F7D51D38F7}.Debug|x64.Build.0 = Debug|Any CPU
		{62A4E765-E0F0-4377-91E7-61F7D51D38F7}.Debug|x64.Deploy.0 = Debug|Any CPU
		{62A4E765-E0F0-4377-91E7-61F7D51D38F7}.Debug|x86.ActiveCfg = Debug|Any CPU
		{62A4E765-E0F0-4377-91E7-61F7D51D38F7}.Debug|x86.Build.0 = Debug|Any CPU
		{62A4E765-E0F0-4377-91E7-61F7D51D38F7}.Debug|x86.Deploy.0 = Debug|Any CPU
		{62A4E765-E0F0-4377-91E7-61F7D51D38F7}.Release|Any CPU.ActiveCfg = Release|Any CPU
		{62A4E765-E0F0-4377-91E7-61F7D51D38F7}.Release|Any CPU.Build.0 = Release|Any CPU
		{62A4E765-E0F0-4377-91E7-61F7D51D38F7}.Release|Any CPU.Deploy.0 = Release|Any CPU
		{62A4E765-E0F0-4377-91E7-61F7D51D38F7}.Release|ARM.ActiveCfg = Release|Any CPU
		{62A4E765-E0F0-4377-91E7-61F7D51D38F7}.Release|ARM.Build.0 = Release|Any CPU
		{62A4E765-E0F0-4377-91E7-61F7D51D38F7}.Release|ARM.Deploy.0 = Release|Any CPU
		{62A4E765-E0F0-4377-91E7-61F7D51D38F7}.Release|iPhone.ActiveCfg = Release|Any CPU
		{62A4E765-E0F0-4377-91E7-61F7D51D38F7}.Release|iPhone.Build.0 = Release|Any CPU
		{62A4E765-E0F0-4377-91E7-61F7D51D38F7}.Release|iPhone.Deploy.0 = Release|Any CPU
		{62A4E765-E0F0-4377-91E7-61F7D51D38F7}.Release|iPhoneSimulator.ActiveCfg = Release|Any CPU
		{62A4E765-E0F0-4377-91E7-61F7D51D38F7}.Release|iPhoneSimulator.Build.0 = Release|Any CPU
		{62A4E765-E0F0-4377-91E7-61F7D51D38F7}.Release|iPhoneSimulator.Deploy.0 = Release|Any CPU
		{62A4E765-E0F0-4377-91E7-61F7D51D38F7}.Release|x64.ActiveCfg = Release|Any CPU
		{62A4E765-E0F0-4377-91E7-61F7D51D38F7}.Release|x64.Build.0 = Release|Any CPU
		{62A4E765-E0F0-4377-91E7-61F7D51D38F7}.Release|x64.Deploy.0 = Release|Any CPU
		{62A4E765-E0F0-4377-91E7-61F7D51D38F7}.Release|x86.ActiveCfg = Release|Any CPU
		{62A4E765-E0F0-4377-91E7-61F7D51D38F7}.Release|x86.Build.0 = Release|Any CPU
		{62A4E765-E0F0-4377-91E7-61F7D51D38F7}.Release|x86.Deploy.0 = Release|Any CPU
	EndGlobalSection
	GlobalSection(SolutionProperties) = preSolution
		HideSolutionNode = FALSE
	EndGlobalSection
	GlobalSection(ExtensibilityGlobals) = postSolution
		SolutionGuid = {2CF32B99-F0D2-45CD-9969-79ECDA752DB7}
	EndGlobalSection
EndGlobal
